
Microsoft Visual Studio Solution File, Format Version 12.00
# Visual Studio Version 16
VisualStudioVersion = 25.0.1703.0
MinimumVisualStudioVersion = 10.0.40219.1
Project("{FAE04EC0-301F-11D3-BF4B-00C04F79EFBC}") = "TodoApi", "TodoApi.csproj", "{936A5C05-4BB0-4E71-82DC-4AC8F4970552}"
EndProject
Project("{FAE04EC0-301F-11D3-BF4B-00C04F79EFBC}") = "Tests", "..\Tests\Tests.csproj", "{A07A591F-5F13-4754-A57F-7C9BEB96FC1A}"
EndProject
Global
	GlobalSection(SolutionConfigurationPlatforms) = preSolution
		Debug|Any CPU = Debug|Any CPU
		Release|Any CPU = Release|Any CPU
	EndGlobalSection
	GlobalSection(ProjectConfigurationPlatforms) = postSolution
		{936A5C05-4BB0-4E71-82DC-4AC8F4970552}.Debug|Any CPU.ActiveCfg = Debug|Any CPU
		{936A5C05-4BB0-4E71-82DC-4AC8F4970552}.Debug|Any CPU.Build.0 = Debug|Any CPU
		{936A5C05-4BB0-4E71-82DC-4AC8F4970552}.Release|Any CPU.ActiveCfg = Release|Any CPU
		{936A5C05-4BB0-4E71-82DC-4AC8F4970552}.Release|Any CPU.Build.0 = Release|Any CPU
		{A07A591F-5F13-4754-A57F-7C9BEB96FC1A}.Debug|Any CPU.ActiveCfg = Debug|Any CPU
		{A07A591F-5F13-4754-A57F-7C9BEB96FC1A}.Debug|Any CPU.Build.0 = Debug|Any CPU
		{A07A591F-5F13-4754-A57F-7C9BEB96FC1A}.Release|Any CPU.ActiveCfg = Release|Any CPU
		{A07A591F-5F13-4754-A57F-7C9BEB96FC1A}.Release|Any CPU.Build.0 = Release|Any CPU
	EndGlobalSection
	GlobalSection(SolutionProperties) = preSolution
		HideSolutionNode = FALSE
	EndGlobalSection
	GlobalSection(ExtensibilityGlobals) = postSolution
		SolutionGuid = {EFB8C0C7-464A-48A7-9CBA-976C7293286D}
	EndGlobalSection
EndGlobal
